
Microsoft Visual Studio Solution File, Format Version 12.00
# Visual Studio Version 16
VisualStudioVersion = 16.0.30907.101
MinimumVisualStudioVersion = 10.0.40219.1
Project("{9A19103F-16F7-4668-BE54-9A1E7A4F7556}") = "PasswordHashing", "PasswordHashing\PasswordHashing.csproj", "{676D05F1-8B52-40E8-8AFE-DCB5FD929D20}"
EndProject
Project("{FAE04EC0-301F-11D3-BF4B-00C04F79EFBC}") = "Web", "Web\Web.csproj", "{B9AE1B0B-0A99-4318-A197-35B4D28A365B}"
EndProject
Global
	GlobalSection(SolutionConfigurationPlatforms) = preSolution
		Debug|Any CPU = Debug|Any CPU
		Release|Any CPU = Release|Any CPU
	EndGlobalSection
	GlobalSection(ProjectConfigurationPlatforms) = postSolution
		{676D05F1-8B52-40E8-8AFE-DCB5FD929D20}.Debug|Any CPU.ActiveCfg = Debug|Any CPU
		{676D05F1-8B52-40E8-8AFE-DCB5FD929D20}.Debug|Any CPU.Build.0 = Debug|Any CPU
		{676D05F1-8B52-40E8-8AFE-DCB5FD929D20}.Release|Any CPU.ActiveCfg = Release|Any CPU
		{676D05F1-8B52-40E8-8AFE-DCB5FD929D20}.Release|Any CPU.Build.0 = Release|Any CPU
		{B9AE1B0B-0A99-4318-A197-35B4D28A365B}.Debug|Any CPU.ActiveCfg = Debug|Any CPU
		{B9AE1B0B-0A99-4318-A197-35B4D28A365B}.Debug|Any CPU.Build.0 = Debug|Any CPU
		{B9AE1B0B-0A99-4318-A197-35B4D28A365B}.Release|Any CPU.ActiveCfg = Release|Any CPU
		{B9AE1B0B-0A99-4318-A197-35B4D28A365B}.Release|Any CPU.Build.0 = Release|Any CPU
	EndGlobalSection
	GlobalSection(SolutionProperties) = preSolution
		HideSolutionNode = FALSE
	EndGlobalSection
	GlobalSection(ExtensibilityGlobals) = postSolution
		SolutionGuid = {27176838-77BB-45FB-AC97-2121AB9D46CB}
	EndGlobalSection
EndGlobal
